
Microsoft Visual Studio Solution File, Format Version 12.00
# Visual Studio Version 17
VisualStudioVersion = 17.2.32602.215
MinimumVisualStudioVersion = 10.0.40219.1
Project("{FAE04EC0-301F-11D3-BF4B-00C04F79EFBC}") = "CRAFTY1", "CRAFTY1\CRAFTY1.csproj", "{A95F2CC3-69E3-4BD6-B224-AC5F7598224C}"
EndProject
Global
	GlobalSection(SolutionConfigurationPlatforms) = preSolution
		Debug|Any CPU = Debug|Any CPU
		Release|Any CPU = Release|Any CPU
	EndGlobalSection
	GlobalSection(ProjectConfigurationPlatforms) = postSolution
		{A95F2CC3-69E3-4BD6-B224-AC5F7598224C}.Debug|Any CPU.ActiveCfg = Debug|Any CPU
		{A95F2CC3-69E3-4BD6-B224-AC5F7598224C}.Debug|Any CPU.Build.0 = Debug|Any CPU
		{A95F2CC3-69E3-4BD6-B224-AC5F7598224C}.Release|Any CPU.ActiveCfg = Release|Any CPU
		{A95F2CC3-69E3-4BD6-B224-AC5F7598224C}.Release|Any CPU.Build.0 = Release|Any CPU
	EndGlobalSection
	GlobalSection(SolutionProperties) = preSolution
		HideSolutionNode = FALSE
	EndGlobalSection
	GlobalSection(ExtensibilityGlobals) = postSolution
		SolutionGuid = {85020376-81B8-4264-9EFF-44D944096430}
	EndGlobalSection
EndGlobal
